
Microsoft Visual Studio Solution File, Format Version 12.00
# Visual Studio Version 16
VisualStudioVersion = 16.0.29509.3
MinimumVisualStudioVersion = 10.0.40219.1
Project("{FAE04EC0-301F-11D3-BF4B-00C04F79EFBC}") = "Teknologisk.Kursus.WebJob", "Teknologisk.Kursus.WebJob\Teknologisk.Kursus.WebJob.csproj", "{AC2F0C58-E1F7-431D-AD77-5DD008039B82}"
EndProject
Global
	GlobalSection(SolutionConfigurationPlatforms) = preSolution
		Debug|Any CPU = Debug|Any CPU
		Release|Any CPU = Release|Any CPU
	EndGlobalSection
	GlobalSection(ProjectConfigurationPlatforms) = postSolution
		{AC2F0C58-E1F7-431D-AD77-5DD008039B82}.Debug|Any CPU.ActiveCfg = Debug|Any CPU
		{AC2F0C58-E1F7-431D-AD77-5DD008039B82}.Debug|Any CPU.Build.0 = Debug|Any CPU
		{AC2F0C58-E1F7-431D-AD77-5DD008039B82}.Release|Any CPU.ActiveCfg = Release|Any CPU
		{AC2F0C58-E1F7-431D-AD77-5DD008039B82}.Release|Any CPU.Build.0 = Release|Any CPU
	EndGlobalSection
	GlobalSection(SolutionProperties) = preSolution
		HideSolutionNode = FALSE
	EndGlobalSection
	GlobalSection(ExtensibilityGlobals) = postSolution
		SolutionGuid = {8562D4F3-893E-4385-89AF-CADC81CC59EF}
	EndGlobalSection
EndGlobal
